// !$*UTF8*$!
{
	archiveVersion = 1;
	classes = {
	};
	objectVersion = 46;
	objects = {

/* Begin PBXBuildFile section */
		0D38F3041856F61A003FF595 /* CoreLocation.framework in Frameworks */ = {isa = PBXBuildFile; fileRef = 0D38F3031856F61A003FF595 /* CoreLocation.framework */; };
		0DF955011856E64400DC762A /* Foundation.framework in Frameworks */ = {isa = PBXBuildFile; fileRef = 0DF955001856E64400DC762A /* Foundation.framework */; };
		0DF955031856E64400DC762A /* CoreGraphics.framework in Frameworks */ = {isa = PBXBuildFile; fileRef = 0DF955021856E64400DC762A /* CoreGraphics.framework */; };
		0DF955051856E64400DC762A /* UIKit.framework in Frameworks */ = {isa = PBXBuildFile; fileRef = 0DF955041856E64400DC762A /* UIKit.framework */; };
		0DF9550B1856E64400DC762A /* InfoPlist.strings in Resources */ = {isa = PBXBuildFile; fileRef = 0DF955091856E64400DC762A /* InfoPlist.strings */; };
		0DF9550D1856E64400DC762A /* main.m in Sources */ = {isa = PBXBuildFile; fileRef = 0DF9550C1856E64400DC762A /* main.m */; };
		0DF955111856E64400DC762A /* TTHAppDelegate.m in Sources */ = {isa = PBXBuildFile; fileRef = 0DF955101856E64400DC762A /* TTHAppDelegate.m */; };
		0DF955141856E64400DC762A /* Main.storyboard in Resources */ = {isa = PBXBuildFile; fileRef = 0DF955121856E64400DC762A /* Main.storyboard */; };
		0DF955171856E64400DC762A /* TTHFirstViewController.m in Sources */ = {isa = PBXBuildFile; fileRef = 0DF955161856E64400DC762A /* TTHFirstViewController.m */; };
		0DF9551A1856E64400DC762A /* TTHSecondViewController.m in Sources */ = {isa = PBXBuildFile; fileRef = 0DF955191856E64400DC762A /* TTHSecondViewController.m */; };
		0DF9551C1856E64400DC762A /* Images.xcassets in Resources */ = {isa = PBXBuildFile; fileRef = 0DF9551B1856E64400DC762A /* Images.xcassets */; };
		0DF955231856E64400DC762A /* XCTest.framework in Frameworks */ = {isa = PBXBuildFile; fileRef = 0DF955221856E64400DC762A /* XCTest.framework */; };
		0DF955241856E64400DC762A /* Foundation.framework in Frameworks */ = {isa = PBXBuildFile; fileRef = 0DF955001856E64400DC762A /* Foundation.framework */; };
		0DF955251856E64400DC762A /* UIKit.framework in Frameworks */ = {isa = PBXBuildFile; fileRef = 0DF955041856E64400DC762A /* UIKit.framework */; };
		0DF9552D1856E64400DC762A /* InfoPlist.strings in Resources */ = {isa = PBXBuildFile; fileRef = 0DF9552B1856E64400DC762A /* InfoPlist.strings */; };
		0DF9552F1856E64400DC762A /* TimeToHomeTests.m in Sources */ = {isa = PBXBuildFile; fileRef = 0DF9552E1856E64400DC762A /* TimeToHomeTests.m */; };
		F23E69A198084AA392473303 /* libPods.a in Frameworks */ = {isa = PBXBuildFile; fileRef = 268CC318DC1F44EA815A30B6 /* libPods.a */; };
/* End PBXBuildFile section */

/* Begin PBXContainerItemProxy section */
		0DF955261856E64400DC762A /* PBXContainerItemProxy */ = {
			isa = PBXContainerItemProxy;
			containerPortal = 0DF954F51856E64400DC762A /* Project object */;
			proxyType = 1;
			remoteGlobalIDString = 0DF954FC1856E64400DC762A;
			remoteInfo = TimeToHome;
		};
/* End PBXContainerItemProxy section */

/* Begin PBXFileReference section */
		0D38F3031856F61A003FF595 /* CoreLocation.framework */ = {isa = PBXFileReference; lastKnownFileType = wrapper.framework; name = CoreLocation.framework; path = System/Library/Frameworks/CoreLocation.framework; sourceTree = SDKROOT; };
		0DF954FD1856E64400DC762A /* TimeToHome.app */ = {isa = PBXFileReference; explicitFileType = wrapper.application; includeInIndex = 0; path = TimeToHome.app; sourceTree = BUILT_PRODUCTS_DIR; };
		0DF955001856E64400DC762A /* Foundation.framework */ = {isa = PBXFileReference; lastKnownFileType = wrapper.framework; name = Foundation.framework; path = System/Library/Frameworks/Foundation.framework; sourceTree = SDKROOT; };
		0DF955021856E64400DC762A /* CoreGraphics.framework */ = {isa = PBXFileReference; lastKnownFileType = wrapper.framework; name = CoreGraphics.framework; path = System/Library/Frameworks/CoreGraphics.framework; sourceTree = SDKROOT; };
		0DF955041856E64400DC762A /* UIKit.framework */ = {isa = PBXFileReference; lastKnownFileType = wrapper.framework; name = UIKit.framework; path = System/Library/Frameworks/UIKit.framework; sourceTree = SDKROOT; };
		0DF955081856E64400DC762A /* TimeToHome-Info.plist */ = {isa = PBXFileReference; lastKnownFileType = text.plist.xml; path = "TimeToHome-Info.plist"; sourceTree = "<group>"; };
		0DF9550A1856E64400DC762A /* en */ = {isa = PBXFileReference; lastKnownFileType = text.plist.strings; name = en; path = en.lproj/InfoPlist.strings; sourceTree = "<group>"; };
		0DF9550C1856E64400DC762A /* main.m */ = {isa = PBXFileReference; lastKnownFileType = sourcecode.c.objc; path = main.m; sourceTree = "<group>"; };
		0DF9550E1856E64400DC762A /* TimeToHome-Prefix.pch */ = {isa = PBXFileReference; lastKnownFileType = sourcecode.c.h; path = "TimeToHome-Prefix.pch"; sourceTree = "<group>"; };
		0DF9550F1856E64400DC762A /* TTHAppDelegate.h */ = {isa = PBXFileReference; lastKnownFileType = sourcecode.c.h; path = TTHAppDelegate.h; sourceTree = "<group>"; };
		0DF955101856E64400DC762A /* TTHAppDelegate.m */ = {isa = PBXFileReference; lastKnownFileType = sourcecode.c.objc; path = TTHAppDelegate.m; sourceTree = "<group>"; };
		0DF955131856E64400DC762A /* Base */ = {isa = PBXFileReference; lastKnownFileType = file.storyboard; name = Base; path = Base.lproj/Main.storyboard; sourceTree = "<group>"; };
		0DF955151856E64400DC762A /* TTHFirstViewController.h */ = {isa = PBXFileReference; lastKnownFileType = sourcecode.c.h; path = TTHFirstViewController.h; sourceTree = "<group>"; };
		0DF955161856E64400DC762A /* TTHFirstViewController.m */ = {isa = PBXFileReference; lastKnownFileType = sourcecode.c.objc; path = TTHFirstViewController.m; sourceTree = "<group>"; };
		0DF955181856E64400DC762A /* TTHSecondViewController.h */ = {isa = PBXFileReference; lastKnownFileType = sourcecode.c.h; path = TTHSecondViewController.h; sourceTree = "<group>"; };
		0DF955191856E64400DC762A /* TTHSecondViewController.m */ = {isa = PBXFileReference; lastKnownFileType = sourcecode.c.objc; path = TTHSecondViewController.m; sourceTree = "<group>"; };
		0DF9551B1856E64400DC762A /* Images.xcassets */ = {isa = PBXFileReference; lastKnownFileType = folder.assetcatalog; path = Images.xcassets; sourceTree = "<group>"; };
		0DF955211856E64400DC762A /* TimeToHomeTests.xctest */ = {isa = PBXFileReference; explicitFileType = wrapper.cfbundle; includeInIndex = 0; path = TimeToHomeTests.xctest; sourceTree = BUILT_PRODUCTS_DIR; };
		0DF955221856E64400DC762A /* XCTest.framework */ = {isa = PBXFileReference; lastKnownFileType = wrapper.framework; name = XCTest.framework; path = Library/Frameworks/XCTest.framework; sourceTree = DEVELOPER_DIR; };
		0DF9552A1856E64400DC762A /* TimeToHomeTests-Info.plist */ = {isa = PBXFileReference; lastKnownFileType = text.plist.xml; path = "TimeToHomeTests-Info.plist"; sourceTree = "<group>"; };
		0DF9552C1856E64400DC762A /* en */ = {isa = PBXFileReference; lastKnownFileType = text.plist.strings; name = en; path = en.lproj/InfoPlist.strings; sourceTree = "<group>"; };
		0DF9552E1856E64400DC762A /* TimeToHomeTests.m */ = {isa = PBXFileReference; lastKnownFileType = sourcecode.c.objc; path = TimeToHomeTests.m; sourceTree = "<group>"; };
		268CC318DC1F44EA815A30B6 /* libPods.a */ = {isa = PBXFileReference; explicitFileType = archive.ar; includeInIndex = 0; path = libPods.a; sourceTree = BUILT_PRODUCTS_DIR; };
		A98486C24BFE4FDA8D86E267 /* Pods.xcconfig */ = {isa = PBXFileReference; includeInIndex = 1; lastKnownFileType = text.xcconfig; name = Pods.xcconfig; path = Pods/Pods.xcconfig; sourceTree = "<group>"; };
/* End PBXFileReference section */

/* Begin PBXFrameworksBuildPhase section */
		0DF954FA1856E64400DC762A /* Frameworks */ = {
			isa = PBXFrameworksBuildPhase;
			buildActionMask = 2147483647;
			files = (
				0D38F3041856F61A003FF595 /* CoreLocation.framework in Frameworks */,
				0DF955031856E64400DC762A /* CoreGraphics.framework in Frameworks */,
				0DF955051856E64400DC762A /* UIKit.framework in Frameworks */,
				0DF955011856E64400DC762A /* Foundation.framework in Frameworks */,
				F23E69A198084AA392473303 /* libPods.a in Frameworks */,
			);
			runOnlyForDeploymentPostprocessing = 0;
		};
		0DF9551E1856E64400DC762A /* Frameworks */ = {
			isa = PBXFrameworksBuildPhase;
			buildActionMask = 2147483647;
			files = (
				0DF955231856E64400DC762A /* XCTest.framework in Frameworks */,
				0DF955251856E64400DC762A /* UIKit.framework in Frameworks */,
				0DF955241856E64400DC762A /* Foundation.framework in Frameworks */,
			);
			runOnlyForDeploymentPostprocessing = 0;
		};
/* End PBXFrameworksBuildPhase section */

/* Begin PBXGroup section */
		0DF954F41856E64400DC762A = {
			isa = PBXGroup;
			children = (
				0DF955061856E64400DC762A /* TimeToHome */,
				0DF955281856E64400DC762A /* TimeToHomeTests */,
				0DF954FF1856E64400DC762A /* Frameworks */,
				0DF954FE1856E64400DC762A /* Products */,
				A98486C24BFE4FDA8D86E267 /* Pods.xcconfig */,
			);
			sourceTree = "<group>";
		};
		0DF954FE1856E64400DC762A /* Products */ = {
			isa = PBXGroup;
			children = (
				0DF954FD1856E64400DC762A /* TimeToHome.app */,
				0DF955211856E64400DC762A /* TimeToHomeTests.xctest */,
			);
			name = Products;
			sourceTree = "<group>";
		};
		0DF954FF1856E64400DC762A /* Frameworks */ = {
			isa = PBXGroup;
			children = (
				0D38F3031856F61A003FF595 /* CoreLocation.framework */,
				0DF955001856E64400DC762A /* Foundation.framework */,
				0DF955021856E64400DC762A /* CoreGraphics.framework */,
				0DF955041856E64400DC762A /* UIKit.framework */,
				0DF955221856E64400DC762A /* XCTest.framework */,
				268CC318DC1F44EA815A30B6 /* libPods.a */,
			);
			name = Frameworks;
			sourceTree = "<group>";
		};
		0DF955061856E64400DC762A /* TimeToHome */ = {
			isa = PBXGroup;
			children = (
				0DF9550F1856E64400DC762A /* TTHAppDelegate.h */,
				0DF955101856E64400DC762A /* TTHAppDelegate.m */,
				0DF955121856E64400DC762A /* Main.storyboard */,
				0DF955151856E64400DC762A /* TTHFirstViewController.h */,
				0DF955161856E64400DC762A /* TTHFirstViewController.m */,
				0DF955181856E64400DC762A /* TTHSecondViewController.h */,
				0DF955191856E64400DC762A /* TTHSecondViewController.m */,
				0DF9551B1856E64400DC762A /* Images.xcassets */,
				0DF955071856E64400DC762A /* Supporting Files */,
			);
			path = TimeToHome;
			sourceTree = "<group>";
		};
		0DF955071856E64400DC762A /* Supporting Files */ = {
			isa = PBXGroup;
			children = (
				0DF955081856E64400DC762A /* TimeToHome-Info.plist */,
				0DF955091856E64400DC762A /* InfoPlist.strings */,
				0DF9550C1856E64400DC762A /* main.m */,
				0DF9550E1856E64400DC762A /* TimeToHome-Prefix.pch */,
			);
			name = "Supporting Files";
			sourceTree = "<group>";
		};
		0DF955281856E64400DC762A /* TimeToHomeTests */ = {
			isa = PBXGroup;
			children = (
				0DF9552E1856E64400DC762A /* TimeToHomeTests.m */,
				0DF955291856E64400DC762A /* Supporting Files */,
			);
			path = TimeToHomeTests;
			sourceTree = "<group>";
		};
		0DF955291856E64400DC762A /* Supporting Files */ = {
			isa = PBXGroup;
			children = (
				0DF9552A1856E64400DC762A /* TimeToHomeTests-Info.plist */,
				0DF9552B1856E64400DC762A /* InfoPlist.strings */,
			);
			name = "Supporting Files";
			sourceTree = "<group>";
		};
/* End PBXGroup section */

/* Begin PBXNativeTarget section */
		0DF954FC1856E64400DC762A /* TimeToHome */ = {
			isa = PBXNativeTarget;
			buildConfigurationList = 0DF955321856E64400DC762A /* Build configuration list for PBXNativeTarget "TimeToHome" */;
			buildPhases = (
				F64D859811054B99A29E8406 /* Check Pods Manifest.lock */,
				0DF954F91856E64400DC762A /* Sources */,
				0DF954FA1856E64400DC762A /* Frameworks */,
				0DF954FB1856E64400DC762A /* Resources */,
				D7AF0A29876A4999872E93D1 /* Copy Pods Resources */,
			);
			buildRules = (
			);
			dependencies = (
			);
			name = TimeToHome;
			productName = TimeToHome;
			productReference = 0DF954FD1856E64400DC762A /* TimeToHome.app */;
			productType = "com.apple.product-type.application";
		};
		0DF955201856E64400DC762A /* TimeToHomeTests */ = {
			isa = PBXNativeTarget;
			buildConfigurationList = 0DF955351856E64400DC762A /* Build configuration list for PBXNativeTarget "TimeToHomeTests" */;
			buildPhases = (
				0DF9551D1856E64400DC762A /* Sources */,
				0DF9551E1856E64400DC762A /* Frameworks */,
				0DF9551F1856E64400DC762A /* Resources */,
			);
			buildRules = (
			);
			dependencies = (
				0DF955271856E64400DC762A /* PBXTargetDependency */,
			);
			name = TimeToHomeTests;
			productName = TimeToHomeTests;
			productReference = 0DF955211856E64400DC762A /* TimeToHomeTests.xctest */;
			productType = "com.apple.product-type.bundle.unit-test";
		};
/* End PBXNativeTarget section */

/* Begin PBXProject section */
		0DF954F51856E64400DC762A /* Project object */ = {
			isa = PBXProject;
			attributes = {
				CLASSPREFIX = TTH;
				LastUpgradeCheck = 0500;
				TargetAttributes = {
					0DF955201856E64400DC762A = {
						TestTargetID = 0DF954FC1856E64400DC762A;
					};
				};
			};
			buildConfigurationList = 0DF954F81856E64400DC762A /* Build configuration list for PBXProject "TimeToHome" */;
			compatibilityVersion = "Xcode 3.2";
			developmentRegion = English;
			hasScannedForEncodings = 0;
			knownRegions = (
				en,
				Base,
			);
			mainGroup = 0DF954F41856E64400DC762A;
			productRefGroup = 0DF954FE1856E64400DC762A /* Products */;
			projectDirPath = "";
			projectRoot = "";
			targets = (
				0DF954FC1856E64400DC762A /* TimeToHome */,
				0DF955201856E64400DC762A /* TimeToHomeTests */,
			);
		};
/* End PBXProject section */

/* Begin PBXResourcesBuildPhase section */
		0DF954FB1856E64400DC762A /* Resources */ = {
			isa = PBXResourcesBuildPhase;
			buildActionMask = 2147483647;
			files = (
				0DF9551C1856E64400DC762A /* Images.xcassets in Resources */,
				0DF9550B1856E64400DC762A /* InfoPlist.strings in Resources */,
				0DF955141856E64400DC762A /* Main.storyboard in Resources */,
			);
			runOnlyForDeploymentPostprocessing = 0;
		};
		0DF9551F1856E64400DC762A /* Resources */ = {
			isa = PBXResourcesBuildPhase;
			buildActionMask = 2147483647;
			files = (
				0DF9552D1856E64400DC762A /* InfoPlist.strings in Resources */,
			);
			runOnlyForDeploymentPostprocessing = 0;
		};
/* End PBXResourcesBuildPhase section */

/* Begin PBXShellScriptBuildPhase section */
		D7AF0A29876A4999872E93D1 /* Copy Pods Resources */ = {
			isa = PBXShellScriptBuildPhase;
			buildActionMask = 2147483647;
			files = (
			);
			inputPaths = (
			);
			name = "Copy Pods Resources";
			outputPaths = (
			);
			runOnlyForDeploymentPostprocessing = 0;
			shellPath = /bin/sh;
			shellScript = "\"${SRCROOT}/Pods/Pods-resources.sh\"\n";
			showEnvVarsInLog = 0;
		};
		F64D859811054B99A29E8406 /* Check Pods Manifest.lock */ = {
			isa = PBXShellScriptBuildPhase;
			buildActionMask = 2147483647;
			files = (
			);
			inputPaths = (
			);
			name = "Check Pods Manifest.lock";
			outputPaths = (
			);
			runOnlyForDeploymentPostprocessing = 0;
			shellPath = /bin/sh;
			shellScript = "diff \"${PODS_ROOT}/../Podfile.lock\" \"${PODS_ROOT}/Manifest.lock\" > /dev/null\nif [[ $? != 0 ]] ; then\n    cat << EOM\nerror: The sandbox is not in sync with the Podfile.lock. Run 'pod install' or update your CocoaPods installation.\nEOM\n    exit 1\nfi\n";
			showEnvVarsInLog = 0;
		};
/* End PBXShellScriptBuildPhase section */

/* Begin PBXSourcesBuildPhase section */
		0DF954F91856E64400DC762A /* Sources */ = {
			isa = PBXSourcesBuildPhase;
			buildActionMask = 2147483647;
			files = (
				0DF955171856E64400DC762A /* TTHFirstViewController.m in Sources */,
				0DF9550D1856E64400DC762A /* main.m in Sources */,
				0DF955111856E64400DC762A /* TTHAppDelegate.m in Sources */,
				0DF9551A1856E64400DC762A /* TTHSecondViewController.m in Sources */,
			);
			runOnlyForDeploymentPostprocessing = 0;
		};
		0DF9551D1856E64400DC762A /* Sources */ = {
			isa = PBXSourcesBuildPhase;
			buildActionMask = 2147483647;
			files = (
				0DF9552F1856E64400DC762A /* TimeToHomeTests.m in Sources */,
			);
			runOnlyForDeploymentPostprocessing = 0;
		};
/* End PBXSourcesBuildPhase section */

/* Begin PBXTargetDependency section */
		0DF955271856E64400DC762A /* PBXTargetDependency */ = {
			isa = PBXTargetDependency;
			target = 0DF954FC1856E64400DC762A /* TimeToHome */;
			targetProxy = 0DF955261856E64400DC762A /* PBXContainerItemProxy */;
		};
/* End PBXTargetDependency section */

/* Begin PBXVariantGroup section */
		0DF955091856E64400DC762A /* InfoPlist.strings */ = {
			isa = PBXVariantGroup;
			children = (
				0DF9550A1856E64400DC762A /* en */,
			);
			name = InfoPlist.strings;
			sourceTree = "<group>";
		};
		0DF955121856E64400DC762A /* Main.storyboard */ = {
			isa = PBXVariantGroup;
			children = (
				0DF955131856E64400DC762A /* Base */,
			);
			name = Main.storyboard;
			sourceTree = "<group>";
		};
		0DF9552B1856E64400DC762A /* InfoPlist.strings */ = {
			isa = PBXVariantGroup;
			children = (
				0DF9552C1856E64400DC762A /* en */,
			);
			name = InfoPlist.strings;
			sourceTree = "<group>";
		};
/* End PBXVariantGroup section */

/* Begin XCBuildConfiguration section */
		0DF955301856E64400DC762A /* Debug */ = {
			isa = XCBuildConfiguration;
			buildSettings = {
				ALWAYS_SEARCH_USER_PATHS = NO;
				ARCHS = "$(ARCHS_STANDARD_INCLUDING_64_BIT)";
				CLANG_CXX_LANGUAGE_STANDARD = "gnu++0x";
				CLANG_CXX_LIBRARY = "libc++";
				CLANG_ENABLE_MODULES = YES;
				CLANG_ENABLE_OBJC_ARC = YES;
				CLANG_WARN_BOOL_CONVERSION = YES;
				CLANG_WARN_CONSTANT_CONVERSION = YES;
				CLANG_WARN_DIRECT_OBJC_ISA_USAGE = YES_ERROR;
				CLANG_WARN_EMPTY_BODY = YES;
				CLANG_WARN_ENUM_CONVERSION = YES;
				CLANG_WARN_INT_CONVERSION = YES;
				CLANG_WARN_OBJC_ROOT_CLASS = YES_ERROR;
				CLANG_WARN__DUPLICATE_METHOD_MATCH = YES;
				"CODE_SIGN_IDENTITY[sdk=iphoneos*]" = "iPhone Developer";
				COPY_PHASE_STRIP = NO;
				GCC_C_LANGUAGE_STANDARD = gnu99;
				GCC_DYNAMIC_NO_PIC = NO;
				GCC_OPTIMIZATION_LEVEL = 0;
				GCC_PREPROCESSOR_DEFINITIONS = (
					"DEBUG=1",
					"$(inherited)",
				);
				GCC_SYMBOLS_PRIVATE_EXTERN = NO;
				GCC_WARN_64_TO_32_BIT_CONVERSION = YES;
				GCC_WARN_ABOUT_RETURN_TYPE = YES_ERROR;
				GCC_WARN_UNDECLARED_SELECTOR = YES;
				GCC_WARN_UNINITIALIZED_AUTOS = YES;
				GCC_WARN_UNUSED_FUNCTION = YES;
				GCC_WARN_UNUSED_VARIABLE = YES;
				IPHONEOS_DEPLOYMENT_TARGET = 7.0;
				ONLY_ACTIVE_ARCH = YES;
				SDKROOT = iphoneos;
			};
			name = Debug;
		};
		0DF955311856E64400DC762A /* Release */ = {
			isa = XCBuildConfiguration;
			buildSettings = {
				ALWAYS_SEARCH_USER_PATHS = NO;
				ARCHS = "$(ARCHS_STANDARD_INCLUDING_64_BIT)";
				CLANG_CXX_LANGUAGE_STANDARD = "gnu++0x";
				CLANG_CXX_LIBRARY = "libc++";
				CLANG_ENABLE_MODULES = YES;
				CLANG_ENABLE_OBJC_ARC = YES;
				CLANG_WARN_BOOL_CONVERSION = YES;
				CLANG_WARN_CONSTANT_CONVERSION = YES;
				CLANG_WARN_DIRECT_OBJC_ISA_USAGE = YES_ERROR;
				CLANG_WARN_EMPTY_BODY = YES;
				CLANG_WARN_ENUM_CONVERSION = YES;
				CLANG_WARN_INT_CONVERSION = YES;
				CLANG_WARN_OBJC_ROOT_CLASS = YES_ERROR;
				CLANG_WARN__DUPLICATE_METHOD_MATCH = YES;
				"CODE_SIGN_IDENTITY[sdk=iphoneos*]" = "iPhone Developer";
				COPY_PHASE_STRIP = YES;
				ENABLE_NS_ASSERTIONS = NO;
				GCC_C_LANGUAGE_STANDARD = gnu99;
				GCC_WARN_64_TO_32_BIT_CONVERSION = YES;
				GCC_WARN_ABOUT_RETURN_TYPE = YES_ERROR;
				GCC_WARN_UNDECLARED_SELECTOR = YES;
				GCC_WARN_UNINITIALIZED_AUTOS = YES;
				GCC_WARN_UNUSED_FUNCTION = YES;
				GCC_WARN_UNUSED_VARIABLE = YES;
				IPHONEOS_DEPLOYMENT_TARGET = 7.0;
				SDKROOT = iphoneos;
				VALIDATE_PRODUCT = YES;
			};
			name = Release;
		};
		0DF955331856E64400DC762A /* Debug */ = {
			isa = XCBuildConfiguration;
			baseConfigurationReference = A98486C24BFE4FDA8D86E267 /* Pods.xcconfig */;
			buildSettings = {
				ASSETCATALOG_COMPILER_APPICON_NAME = AppIcon;
				ASSETCATALOG_COMPILER_LAUNCHIMAGE_NAME = LaunchImage;
				GCC_PRECOMPILE_PREFIX_HEADER = YES;
				GCC_PREFIX_HEADER = "TimeToHome/TimeToHome-Prefix.pch";
				INFOPLIST_FILE = "TimeToHome/TimeToHome-Info.plist";
				PRODUCT_NAME = "$(TARGET_NAME)";
				WRAPPER_EXTENSION = app;
			};
			name = Debug;
		};
		0DF955341856E64400DC762A /* Release */ = {
			isa = XCBuildConfiguration;
			baseConfigurationReference = A98486C24BFE4FDA8D86E267 /* Pods.xcconfig */;
			buildSettings = {
				ASSETCATALOG_COMPILER_APPICON_NAME = AppIcon;
				ASSETCATALOG_COMPILER_LAUNCHIMAGE_NAME = LaunchImage;
				GCC_PRECOMPILE_PREFIX_HEADER = YES;
				GCC_PREFIX_HEADER = "TimeToHome/TimeToHome-Prefix.pch";
				INFOPLIST_FILE = "TimeToHome/TimeToHome-Info.plist";
				PRODUCT_NAME = "$(TARGET_NAME)";
				WRAPPER_EXTENSION = app;
			};
			name = Release;
		};
		0DF955361856E64400DC762A /* Debug */ = {
			isa = XCBuildConfiguration;
			buildSettings = {
				ARCHS = "$(ARCHS_STANDARD_INCLUDING_64_BIT)";
				BUNDLE_LOADER = "$(BUILT_PRODUCTS_DIR)/TimeToHome.app/TimeToHome";
				FRAMEWORK_SEARCH_PATHS = (
					"$(SDKROOT)/Developer/Library/Frameworks",
					"$(inherited)",
					"$(DEVELOPER_FRAMEWORKS_DIR)",
				);
				GCC_PRECOMPILE_PREFIX_HEADER = YES;
				GCC_PREFIX_HEADER = "TimeToHome/TimeToHome-Prefix.pch";
				GCC_PREPROCESSOR_DEFINITIONS = (
					"DEBUG=1",
					"$(inherited)",
				);
				INFOPLIST_FILE = "TimeToHomeTests/TimeToHomeTests-Info.plist";
				PRODUCT_NAME = "$(TARGET_NAME)";
				TEST_HOST = "$(BUNDLE_LOADER)";
				WRAPPER_EXTENSION = xctest;
			};
			name = Debug;
		};
		0DF955371856E64400DC762A /* Release */ = {
			isa = XCBuildConfiguration;
			buildSettings = {
				ARCHS = "$(ARCHS_STANDARD_INCLUDING_64_BIT)";
				BUNDLE_LOADER = "$(BUILT_PRODUCTS_DIR)/TimeToHome.app/TimeToHome";
				FRAMEWORK_SEARCH_PATHS = (
					"$(SDKROOT)/Developer/Library/Frameworks",
					"$(inherited)",
					"$(DEVELOPER_FRAMEWORKS_DIR)",
				);
				GCC_PRECOMPILE_PREFIX_HEADER = YES;
				GCC_PREFIX_HEADER = "TimeToHome/TimeToHome-Prefix.pch";
				INFOPLIST_FILE = "TimeToHomeTests/TimeToHomeTests-Info.plist";
				PRODUCT_NAME = "$(TARGET_NAME)";
				TEST_HOST = "$(BUNDLE_LOADER)";
				WRAPPER_EXTENSION = xctest;
			};
			name = Release;
		};
/* End XCBuildConfiguration section */

/* Begin XCConfigurationList section */
		0DF954F81856E64400DC762A /* Build configuration list for PBXProject "TimeToHome" */ = {
			isa = XCConfigurationList;
			buildConfigurations = (
				0DF955301856E64400DC762A /* Debug */,
				0DF955311856E64400DC762A /* Release */,
			);
			defaultConfigurationIsVisible = 0;
			defaultConfigurationName = Release;
		};
		0DF955321856E64400DC762A /* Build configuration list for PBXNativeTarget "TimeToHome" */ = {
			isa = XCConfigurationList;
			buildConfigurations = (
				0DF955331856E64400DC762A /* Debug */,
				0DF955341856E64400DC762A /* Release */,
			);
			defaultConfigurationIsVisible = 0;
			defaultConfigurationName = Release;
		};
		0DF955351856E64400DC762A /* Build configuration list for PBXNativeTarget "TimeToHomeTests" */ = {
			isa = XCConfigurationList;
			buildConfigurations = (
				0DF955361856E64400DC762A /* Debug */,
				0DF955371856E64400DC762A /* Release */,
			);
			defaultConfigurationIsVisible = 0;
			defaultConfigurationName = Release;
		};
/* End XCConfigurationList section */
	};
	rootObject = 0DF954F51856E64400DC762A /* Project object */;
}
